
Microsoft Visual Studio Solution File, Format Version 12.00
# Visual Studio 15
VisualStudioVersion = 15.0.35714.111
MinimumVisualStudioVersion = 10.0.40219.1
Project("{FAE04EC0-301F-11D3-BF4B-00C04F79EFBC}") = "CS464_Team09_LibrarySystem", "CS464_Team09_LibrarySystem\CS464_Team09_LibrarySystem.csproj", "{74FA9C2D-7C64-40FF-8776-19F1974AF52F}"
EndProject
Global
	GlobalSection(SolutionConfigurationPlatforms) = preSolution
		Debug|Any CPU = Debug|Any CPU
		Release|Any CPU = Release|Any CPU
	EndGlobalSection
	GlobalSection(ProjectConfigurationPlatforms) = postSolution
		{74FA9C2D-7C64-40FF-8776-19F1974AF52F}.Debug|Any CPU.ActiveCfg = Debug|Any CPU
		{74FA9C2D-7C64-40FF-8776-19F1974AF52F}.Debug|Any CPU.Build.0 = Debug|Any CPU
		{74FA9C2D-7C64-40FF-8776-19F1974AF52F}.Release|Any CPU.ActiveCfg = Release|Any CPU
		{74FA9C2D-7C64-40FF-8776-19F1974AF52F}.Release|Any CPU.Build.0 = Release|Any CPU
	EndGlobalSection
	GlobalSection(SolutionProperties) = preSolution
		HideSolutionNode = FALSE
	EndGlobalSection
	GlobalSection(ExtensibilityGlobals) = postSolution
		SolutionGuid = {05834BC5-A01C-4C75-83AF-C4FC3DF91B4C}
	EndGlobalSection
EndGlobal
